<?xml version="1.0" encoding="utf-8"?>
<Project ToolsVersion="4.0" xmlns="http://schemas.microsoft.com/developer/msbuild/2003">
  <ItemGroup>
    <Filter Include="Source Files">
      <UniqueIdentifier>{4FC737F1-C7A5-4376-A066-2A32D752A2FF}</UniqueIdentifier>
      <Extensions>cpp;c;cc;cxx;def;odl;idl;hpj;bat;asm;asmx</Extensions>
    </Filter>
    <Filter Include="Header Files">
      <UniqueIdentifier>{93995380-89BD-4b04-88EB-625FBE52EBFB}</UniqueIdentifier>
      <Extensions>h;hh;hpp;hxx;hm;inl;inc;xsd</Extensions>
    </Filter>
    <Filter Include="Resource Files">
      <UniqueIdentifier>{67DA6AB6-F800-4c08-8B7A-83BB121AAD01}</UniqueIdentifier>
      <Extensions>rc;ico;cur;bmp;dlg;rc2;rct;bin;rgs;gif;jpg;jpeg;jpe;resx;tiff;tif;png;wav;mfcribbon-ms</Extensions>
    </Filter>
    <Filter Include="Interface">
      <UniqueIdentifier>{c0ad938c-1675-4359-8334-676850f1c677}</UniqueIdentifier>
    </Filter>
    <Filter Include="Interface\Header Files">
      <UniqueIdentifier>{47c580c1-05a4-41b8-8672-5f2798616d2e}</UniqueIdentifier>
    </Filter>
    <Filter Include="Interface\Source Files">
      <UniqueIdentifier>{58ae81b6-d2e4-4a4a-8e86-e02436cd8832}</UniqueIdentifier>
    </Filter>
    <Filter Include="Interface\Components">
      <UniqueIdentifier>{4a9f3dc1-f014-4f79-a9db-ed3b024813ec}</UniqueIdentifier>
    </Filter>
    <Filter Include="Interface\Components\Header Files">
      <UniqueIdentifier>{7b749165-95a1-4802-9e74-cf00a7f1fe77}</UniqueIdentifier>
    </Filter>
    <Filter Include="Interface\Components\Source Files">
      <UniqueIdentifier>{9f8a60f1-8407-4e1c-a69f-1a9ec8b835a0}</UniqueIdentifier>
    </Filter>
  </ItemGroup>
  <ItemGroup>
    <ClCompile Include="WinMain.cpp">
      <Filter>Source Files</Filter>
    </ClCompile>
    <ClCompile Include="Application.cpp">
      <Filter>Source Files</Filter>
    </ClCompile>
    <ClCompile Include="DXForm.cpp">
      <Filter>Source Files</Filter>
    </ClCompile>
    <ClCompile Include="Form.cpp">
      <Filter>Source Files</Filter>
    </ClCompile>
    <ClCompile Include="FatDXFramework.cpp">
      <Filter>Source Files</Filter>
    </ClCompile>
    <ClCompile Include="Time.cpp">
      <Filter>Source Files</Filter>
    </ClCompile>
    <ClCompile Include="Component.h">
      <Filter>Interface\Header Files</Filter>
    </ClCompile>
    <ClCompile Include="Button.cpp">
      <Filter>Interface\Components\Source Files</Filter>
    </ClCompile>
    <ClCompile Include="Component.cpp">
      <Filter>Interface\Source Files</Filter>
    </ClCompile>
  </ItemGroup>
  <ItemGroup>
    <ClInclude Include="WinMain.h">
      <Filter>Header Files</Filter>
    </ClInclude>
    <ClInclude Include="Application.h">
      <Filter>Header Files</Filter>
    </ClInclude>
    <ClInclude Include="Form.h">
      <Filter>Header Files</Filter>
    </ClInclude>
    <ClInclude Include="DXForm.h">
      <Filter>Header Files</Filter>
    </ClInclude>
    <ClInclude Include="GlobalHeader.h">
      <Filter>Header Files</Filter>
    </ClInclude>
    <ClInclude Include="EventHandler.h">
      <Filter>Header Files</Filter>
    </ClInclude>
    <ClInclude Include="FatDXFramework.h">
      <Filter>Header Files</Filter>
    </ClInclude>
    <ClInclude Include="D3dx12.h">
      <Filter>Header Files</Filter>
    </ClInclude>
    <ClInclude Include="Time.h">
      <Filter>Header Files</Filter>
    </ClInclude>
    <ClInclude Include="DxGui.h">
      <Filter>Interface\Header Files</Filter>
    </ClInclude>
    <ClInclude Include="Button.h">
      <Filter>Interface\Components\Header Files</Filter>
    </ClInclude>
  </ItemGroup>
  <ItemGroup>
    <FxCompile Include="VS.hlsl">
      <Filter>Source Files</Filter>
    </FxCompile>
    <FxCompile Include="PS.hlsl">
      <Filter>Source Files</Filter>
    </FxCompile>
  </ItemGroup>
</Project>